
Microsoft Visual Studio Solution File, Format Version 12.00
# Visual Studio Version 16
VisualStudioVersion = 16.0.34301.259
MinimumVisualStudioVersion = 10.0.40219.1
Project("{FAE04EC0-301F-11D3-BF4B-00C04F79EFBC}") = "Semaforo", "Semaforo.csproj", "{D380118A-06E3-4BE8-B634-D97AB2F85AEF}"
EndProject
Global
	GlobalSection(SolutionConfigurationPlatforms) = preSolution
		Debug|Any CPU = Debug|Any CPU
		Release|Any CPU = Release|Any CPU
	EndGlobalSection
	GlobalSection(ProjectConfigurationPlatforms) = postSolution
		{D380118A-06E3-4BE8-B634-D97AB2F85AEF}.Debug|Any CPU.ActiveCfg = Debug|Any CPU
		{D380118A-06E3-4BE8-B634-D97AB2F85AEF}.Debug|Any CPU.Build.0 = Debug|Any CPU
		{D380118A-06E3-4BE8-B634-D97AB2F85AEF}.Release|Any CPU.ActiveCfg = Release|Any CPU
		{D380118A-06E3-4BE8-B634-D97AB2F85AEF}.Release|Any CPU.Build.0 = Release|Any CPU
	EndGlobalSection
	GlobalSection(SolutionProperties) = preSolution
		HideSolutionNode = FALSE
	EndGlobalSection
	GlobalSection(ExtensibilityGlobals) = postSolution
		SolutionGuid = {386A63B5-197F-4049-A7A6-109C03B69918}
	EndGlobalSection
EndGlobal
